// !$*UTF8*$!
{
	archiveVersion = 1;
	classes = {
	};
	objectVersion = 55;
	objects = {

/* Begin PBXBuildFile section */
		67907970282B7BB4000F9AA6 /* Read_MEApp.swift in Sources */ = {isa = PBXBuildFile; fileRef = 6790796F282B7BB4000F9AA6 /* Read_MEApp.swift */; };
		67907972282B7BB4000F9AA6 /* ContentView.swift in Sources */ = {isa = PBXBuildFile; fileRef = 67907971282B7BB4000F9AA6 /* ContentView.swift */; };
		67907974282B7BB5000F9AA6 /* Assets.xcassets in Resources */ = {isa = PBXBuildFile; fileRef = 67907973282B7BB5000F9AA6 /* Assets.xcassets */; };
		67907977282B7BB5000F9AA6 /* Preview Assets.xcassets in Resources */ = {isa = PBXBuildFile; fileRef = 67907976282B7BB5000F9AA6 /* Preview Assets.xcassets */; };
		6790797E282B7FD5000F9AA6 /* BookModel.swift in Sources */ = {isa = PBXBuildFile; fileRef = 6790797D282B7FD5000F9AA6 /* BookModel.swift */; };
		67907981282B8049000F9AA6 /* BookView.swift in Sources */ = {isa = PBXBuildFile; fileRef = 67907980282B8049000F9AA6 /* BookView.swift */; };
		67907985282CF27C000F9AA6 /* Library.swift in Sources */ = {isa = PBXBuildFile; fileRef = 67907984282CF27B000F9AA6 /* Library.swift */; };
		67907987282D391E000F9AA6 /* DetilaView.swift in Sources */ = {isa = PBXBuildFile; fileRef = 67907986282D391E000F9AA6 /* DetilaView.swift */; };
/* End PBXBuildFile section */

/* Begin PBXFileReference section */
		6790796C282B7BB4000F9AA6 /* Read_ME.app */ = {isa = PBXFileReference; explicitFileType = wrapper.application; includeInIndex = 0; path = Read_ME.app; sourceTree = BUILT_PRODUCTS_DIR; };
		6790796F282B7BB4000F9AA6 /* Read_MEApp.swift */ = {isa = PBXFileReference; lastKnownFileType = sourcecode.swift; path = Read_MEApp.swift; sourceTree = "<group>"; };
		67907971282B7BB4000F9AA6 /* ContentView.swift */ = {isa = PBXFileReference; lastKnownFileType = sourcecode.swift; path = ContentView.swift; sourceTree = "<group>"; };
		67907973282B7BB5000F9AA6 /* Assets.xcassets */ = {isa = PBXFileReference; lastKnownFileType = folder.assetcatalog; path = Assets.xcassets; sourceTree = "<group>"; };
		67907976282B7BB5000F9AA6 /* Preview Assets.xcassets */ = {isa = PBXFileReference; lastKnownFileType = folder.assetcatalog; path = "Preview Assets.xcassets"; sourceTree = "<group>"; };
		6790797D282B7FD5000F9AA6 /* BookModel.swift */ = {isa = PBXFileReference; lastKnownFileType = sourcecode.swift; path = BookModel.swift; sourceTree = "<group>"; };
		67907980282B8049000F9AA6 /* BookView.swift */ = {isa = PBXFileReference; lastKnownFileType = sourcecode.swift; path = BookView.swift; sourceTree = "<group>"; };
		67907984282CF27B000F9AA6 /* Library.swift */ = {isa = PBXFileReference; lastKnownFileType = sourcecode.swift; path = Library.swift; sourceTree = "<group>"; };
		67907986282D391E000F9AA6 /* DetilaView.swift */ = {isa = PBXFileReference; lastKnownFileType = sourcecode.swift; path = DetilaView.swift; sourceTree = "<group>"; };
/* End PBXFileReference section */

/* Begin PBXFrameworksBuildPhase section */
		67907969282B7BB4000F9AA6 /* Frameworks */ = {
			isa = PBXFrameworksBuildPhase;
			buildActionMask = 2147483647;
			files = (
			);
			runOnlyForDeploymentPostprocessing = 0;
		};
/* End PBXFrameworksBuildPhase section */

/* Begin PBXGroup section */
		67907963282B7BB4000F9AA6 = {
			isa = PBXGroup;
			children = (
				6790796E282B7BB4000F9AA6 /* Read_ME */,
				6790796D282B7BB4000F9AA6 /* Products */,
			);
			sourceTree = "<group>";
		};
		6790796D282B7BB4000F9AA6 /* Products */ = {
			isa = PBXGroup;
			children = (
				6790796C282B7BB4000F9AA6 /* Read_ME.app */,
			);
			name = Products;
			sourceTree = "<group>";
		};
		6790796E282B7BB4000F9AA6 /* Read_ME */ = {
			isa = PBXGroup;
			children = (
				6790796F282B7BB4000F9AA6 /* Read_MEApp.swift */,
				6790797D282B7FD5000F9AA6 /* BookModel.swift */,
				67907984282CF27B000F9AA6 /* Library.swift */,
				6790797F282B8030000F9AA6 /* View */,
				67907973282B7BB5000F9AA6 /* Assets.xcassets */,
				67907975282B7BB5000F9AA6 /* Preview Content */,
			);
			path = Read_ME;
			sourceTree = "<group>";
		};
		67907975282B7BB5000F9AA6 /* Preview Content */ = {
			isa = PBXGroup;
			children = (
				67907976282B7BB5000F9AA6 /* Preview Assets.xcassets */,
			);
			path = "Preview Content";
			sourceTree = "<group>";
		};
		6790797F282B8030000F9AA6 /* View */ = {
			isa = PBXGroup;
			children = (
				67907971282B7BB4000F9AA6 /* ContentView.swift */,
				67907986282D391E000F9AA6 /* DetilaView.swift */,
				67907980282B8049000F9AA6 /* BookView.swift */,
			);
			path = View;
			sourceTree = "<group>";
		};
/* End PBXGroup section */

/* Begin PBXNativeTarget section */
		6790796B282B7BB4000F9AA6 /* Read_ME */ = {
			isa = PBXNativeTarget;
			buildConfigurationList = 6790797A282B7BB5000F9AA6 /* Build configuration list for PBXNativeTarget "Read_ME" */;
			buildPhases = (
				67907968282B7BB4000F9AA6 /* Sources */,
				67907969282B7BB4000F9AA6 /* Frameworks */,
				6790796A282B7BB4000F9AA6 /* Resources */,
			);
			buildRules = (
			);
			dependencies = (
			);
			name = Read_ME;
			productName = Read_ME;
			productReference = 6790796C282B7BB4000F9AA6 /* Read_ME.app */;
			productType = "com.apple.product-type.application";
		};
/* End PBXNativeTarget section */

/* Begin PBXProject section */
		67907964282B7BB4000F9AA6 /* Project object */ = {
			isa = PBXProject;
			attributes = {
				BuildIndependentTargetsInParallel = 1;
				LastSwiftUpdateCheck = 1330;
				LastUpgradeCheck = 1330;
				TargetAttributes = {
					6790796B282B7BB4000F9AA6 = {
						CreatedOnToolsVersion = 13.3.1;
					};
				};
			};
			buildConfigurationList = 67907967282B7BB4000F9AA6 /* Build configuration list for PBXProject "Read_ME" */;
			compatibilityVersion = "Xcode 13.0";
			developmentRegion = en;
			hasScannedForEncodings = 0;
			knownRegions = (
				en,
				Base,
			);
			mainGroup = 67907963282B7BB4000F9AA6;
			productRefGroup = 6790796D282B7BB4000F9AA6 /* Products */;
			projectDirPath = "";
			projectRoot = "";
			targets = (
				6790796B282B7BB4000F9AA6 /* Read_ME */,
			);
		};
/* End PBXProject section */

/* Begin PBXResourcesBuildPhase section */
		6790796A282B7BB4000F9AA6 /* Resources */ = {
			isa = PBXResourcesBuildPhase;
			buildActionMask = 2147483647;
			files = (
				67907977282B7BB5000F9AA6 /* Preview Assets.xcassets in Resources */,
				67907974282B7BB5000F9AA6 /* Assets.xcassets in Resources */,
			);
			runOnlyForDeploymentPostprocessing = 0;
		};
/* End PBXResourcesBuildPhase section */

/* Begin PBXSourcesBuildPhase section */
		67907968282B7BB4000F9AA6 /* Sources */ = {
			isa = PBXSourcesBuildPhase;
			buildActionMask = 2147483647;
			files = (
				6790797E282B7FD5000F9AA6 /* BookModel.swift in Sources */,
				67907972282B7BB4000F9AA6 /* ContentView.swift in Sources */,
				67907985282CF27C000F9AA6 /* Library.swift in Sources */,
				67907987282D391E000F9AA6 /* DetilaView.swift in Sources */,
				67907970282B7BB4000F9AA6 /* Read_MEApp.swift in Sources */,
				67907981282B8049000F9AA6 /* BookView.swift in Sources */,
			);
			runOnlyForDeploymentPostprocessing = 0;
		};
/* End PBXSourcesBuildPhase section */

/* Begin XCBuildConfiguration section */
		67907978282B7BB5000F9AA6 /* Debug */ = {
			isa = XCBuildConfiguration;
			buildSettings = {
				ALWAYS_SEARCH_USER_PATHS = NO;
				CLANG_ANALYZER_NONNULL = YES;
				CLANG_ANALYZER_NUMBER_OBJECT_CONVERSION = YES_AGGRESSIVE;
				CLANG_CXX_LANGUAGE_STANDARD = "gnu++17";
				CLANG_ENABLE_MODULES = YES;
				CLANG_ENABLE_OBJC_ARC = YES;
				CLANG_ENABLE_OBJC_WEAK = YES;
				CLANG_WARN_BLOCK_CAPTURE_AUTORELEASING = YES;
				CLANG_WARN_BOOL_CONVERSION = YES;
				CLANG_WARN_COMMA = YES;
				CLANG_WARN_CONSTANT_CONVERSION = YES;
				CLANG_WARN_DEPRECATED_OBJC_IMPLEMENTATIONS = YES;
				CLANG_WARN_DIRECT_OBJC_ISA_USAGE = YES_ERROR;
				CLANG_WARN_DOCUMENTATION_COMMENTS = YES;
				CLANG_WARN_EMPTY_BODY = YES;
				CLANG_WARN_ENUM_CONVERSION = YES;
				CLANG_WARN_INFINITE_RECURSION = YES;
				CLANG_WARN_INT_CONVERSION = YES;
				CLANG_WARN_NON_LITERAL_NULL_CONVERSION = YES;
				CLANG_WARN_OBJC_IMPLICIT_RETAIN_SELF = YES;
				CLANG_WARN_OBJC_LITERAL_CONVERSION = YES;
				CLANG_WARN_OBJC_ROOT_CLASS = YES_ERROR;
				CLANG_WARN_QUOTED_INCLUDE_IN_FRAMEWORK_HEADER = YES;
				CLANG_WARN_RANGE_LOOP_ANALYSIS = YES;
				CLANG_WARN_STRICT_PROTOTYPES = YES;
				CLANG_WARN_SUSPICIOUS_MOVE = YES;
				CLANG_WARN_UNGUARDED_AVAILABILITY = YES_AGGRESSIVE;
				CLANG_WARN_UNREACHABLE_CODE = YES;
				CLANG_WARN__DUPLICATE_METHOD_MATCH = YES;
				COPY_PHASE_STRIP = NO;
				DEBUG_INFORMATION_FORMAT = dwarf;
				ENABLE_STRICT_OBJC_MSGSEND = YES;
				ENABLE_TESTABILITY = YES;
				GCC_C_LANGUAGE_STANDARD = gnu11;
				GCC_DYNAMIC_NO_PIC = NO;
				GCC_NO_COMMON_BLOCKS = YES;
				GCC_OPTIMIZATION_LEVEL = 0;
				GCC_PREPROCESSOR_DEFINITIONS = (
					"DEBUG=1",
					"$(inherited)",
				);
				GCC_WARN_64_TO_32_BIT_CONVERSION = YES;
				GCC_WARN_ABOUT_RETURN_TYPE = YES_ERROR;
				GCC_WARN_UNDECLARED_SELECTOR = YES;
				GCC_WARN_UNINITIALIZED_AUTOS = YES_AGGRESSIVE;
				GCC_WARN_UNUSED_FUNCTION = YES;
				GCC_WARN_UNUSED_VARIABLE = YES;
				IPHONEOS_DEPLOYMENT_TARGET = 15.4;
				MTL_ENABLE_DEBUG_INFO = INCLUDE_SOURCE;
				MTL_FAST_MATH = YES;
				ONLY_ACTIVE_ARCH = YES;
				SDKROOT = iphoneos;
				SWIFT_ACTIVE_COMPILATION_CONDITIONS = DEBUG;
				SWIFT_OPTIMIZATION_LEVEL = "-Onone";
			};
			name = Debug;
		};
		67907979282B7BB5000F9AA6 /* Release */ = {
			isa = XCBuildConfiguration;
			buildSettings = {
				ALWAYS_SEARCH_USER_PATHS = NO;
				CLANG_ANALYZER_NONNULL = YES;
				CLANG_ANALYZER_NUMBER_OBJECT_CONVERSION = YES_AGGRESSIVE;
				CLANG_CXX_LANGUAGE_STANDARD = "gnu++17";
				CLANG_ENABLE_MODULES = YES;
				CLANG_ENABLE_OBJC_ARC = YES;
				CLANG_ENABLE_OBJC_WEAK = YES;
				CLANG_WARN_BLOCK_CAPTURE_AUTORELEASING = YES;
				CLANG_WARN_BOOL_CONVERSION = YES;
				CLANG_WARN_COMMA = YES;
				CLANG_WARN_CONSTANT_CONVERSION = YES;
				CLANG_WARN_DEPRECATED_OBJC_IMPLEMENTATIONS = YES;
				CLANG_WARN_DIRECT_OBJC_ISA_USAGE = YES_ERROR;
				CLANG_WARN_DOCUMENTATION_COMMENTS = YES;
				CLANG_WARN_EMPTY_BODY = YES;
				CLANG_WARN_ENUM_CONVERSION = YES;
				CLANG_WARN_INFINITE_RECURSION = YES;
				CLANG_WARN_INT_CONVERSION = YES;
				CLANG_WARN_NON_LITERAL_NULL_CONVERSION = YES;
				CLANG_WARN_OBJC_IMPLICIT_RETAIN_SELF = YES;
				CLANG_WARN_OBJC_LITERAL_CONVERSION = YES;
				CLANG_WARN_OBJC_ROOT_CLASS = YES_ERROR;
				CLANG_WARN_QUOTED_INCLUDE_IN_FRAMEWORK_HEADER = YES;
				CLANG_WARN_RANGE_LOOP_ANALYSIS = YES;
				CLANG_WARN_STRICT_PROTOTYPES = YES;
				CLANG_WARN_SUSPICIOUS_MOVE = YES;
				CLANG_WARN_UNGUARDED_AVAILABILITY = YES_AGGRESSIVE;
				CLANG_WARN_UNREACHABLE_CODE = YES;
				CLANG_WARN__DUPLICATE_METHOD_MATCH = YES;
				COPY_PHASE_STRIP = NO;
				DEBUG_INFORMATION_FORMAT = "dwarf-with-dsym";
				ENABLE_NS_ASSERTIONS = NO;
				ENABLE_STRICT_OBJC_MSGSEND = YES;
				GCC_C_LANGUAGE_STANDARD = gnu11;
				GCC_NO_COMMON_BLOCKS = YES;
				GCC_WARN_64_TO_32_BIT_CONVERSION = YES;
				GCC_WARN_ABOUT_RETURN_TYPE = YES_ERROR;
				GCC_WARN_UNDECLARED_SELECTOR = YES;
				GCC_WARN_UNINITIALIZED_AUTOS = YES_AGGRESSIVE;
				GCC_WARN_UNUSED_FUNCTION = YES;
				GCC_WARN_UNUSED_VARIABLE = YES;
				IPHONEOS_DEPLOYMENT_TARGET = 15.4;
				MTL_ENABLE_DEBUG_INFO = NO;
				MTL_FAST_MATH = YES;
				SDKROOT = iphoneos;
				SWIFT_COMPILATION_MODE = wholemodule;
				SWIFT_OPTIMIZATION_LEVEL = "-O";
				VALIDATE_PRODUCT = YES;
			};
			name = Release;
		};
		6790797B282B7BB5000F9AA6 /* Debug */ = {
			isa = XCBuildConfiguration;
			buildSettings = {
				ASSETCATALOG_COMPILER_APPICON_NAME = AppIcon;
				ASSETCATALOG_COMPILER_GLOBAL_ACCENT_COLOR_NAME = AccentColor;
				CODE_SIGN_STYLE = Automatic;
				CURRENT_PROJECT_VERSION = 1;
				DEVELOPMENT_ASSET_PATHS = "\"Read_ME/Preview Content\"";
				DEVELOPMENT_TEAM = 8G9QJBS8AT;
				ENABLE_PREVIEWS = YES;
				GENERATE_INFOPLIST_FILE = YES;
				INFOPLIST_KEY_UIApplicationSceneManifest_Generation = YES;
				INFOPLIST_KEY_UIApplicationSupportsIndirectInputEvents = YES;
				INFOPLIST_KEY_UILaunchScreen_Generation = YES;
				INFOPLIST_KEY_UISupportedInterfaceOrientations_iPad = "UIInterfaceOrientationPortrait UIInterfaceOrientationPortraitUpsideDown UIInterfaceOrientationLandscapeLeft UIInterfaceOrientationLandscapeRight";
				INFOPLIST_KEY_UISupportedInterfaceOrientations_iPhone = "UIInterfaceOrientationPortrait UIInterfaceOrientationLandscapeLeft UIInterfaceOrientationLandscapeRight";
				LD_RUNPATH_SEARCH_PATHS = (
					"$(inherited)",
					"@executable_path/Frameworks",
				);
				MARKETING_VERSION = 1.0;
				PRODUCT_BUNDLE_IDENTIFIER = "jooeun.Read-ME";
				PRODUCT_NAME = "$(TARGET_NAME)";
				SWIFT_EMIT_LOC_STRINGS = YES;
				SWIFT_VERSION = 5.0;
				TARGETED_DEVICE_FAMILY = "1,2";
			};
			name = Debug;
		};
		6790797C282B7BB5000F9AA6 /* Release */ = {
			isa = XCBuildConfiguration;
			buildSettings = {
				ASSETCATALOG_COMPILER_APPICON_NAME = AppIcon;
				ASSETCATALOG_COMPILER_GLOBAL_ACCENT_COLOR_NAME = AccentColor;
				CODE_SIGN_STYLE = Automatic;
				CURRENT_PROJECT_VERSION = 1;
				DEVELOPMENT_ASSET_PATHS = "\"Read_ME/Preview Content\"";
				DEVELOPMENT_TEAM = 8G9QJBS8AT;
				ENABLE_PREVIEWS = YES;
				GENERATE_INFOPLIST_FILE = YES;
				INFOPLIST_KEY_UIApplicationSceneManifest_Generation = YES;
				INFOPLIST_KEY_UIApplicationSupportsIndirectInputEvents = YES;
				INFOPLIST_KEY_UILaunchScreen_Generation = YES;
				INFOPLIST_KEY_UISupportedInterfaceOrientations_iPad = "UIInterfaceOrientationPortrait UIInterfaceOrientationPortraitUpsideDown UIInterfaceOrientationLandscapeLeft UIInterfaceOrientationLandscapeRight";
				INFOPLIST_KEY_UISupportedInterfaceOrientations_iPhone = "UIInterfaceOrientationPortrait UIInterfaceOrientationLandscapeLeft UIInterfaceOrientationLandscapeRight";
				LD_RUNPATH_SEARCH_PATHS = (
					"$(inherited)",
					"@executable_path/Frameworks",
				);
				MARKETING_VERSION = 1.0;
				PRODUCT_BUNDLE_IDENTIFIER = "jooeun.Read-ME";
				PRODUCT_NAME = "$(TARGET_NAME)";
				SWIFT_EMIT_LOC_STRINGS = YES;
				SWIFT_VERSION = 5.0;
				TARGETED_DEVICE_FAMILY = "1,2";
			};
			name = Release;
		};
/* End XCBuildConfiguration section */

/* Begin XCConfigurationList section */
		67907967282B7BB4000F9AA6 /* Build configuration list for PBXProject "Read_ME" */ = {
			isa = XCConfigurationList;
			buildConfigurations = (
				67907978282B7BB5000F9AA6 /* Debug */,
				67907979282B7BB5000F9AA6 /* Release */,
			);
			defaultConfigurationIsVisible = 0;
			defaultConfigurationName = Release;
		};
		6790797A282B7BB5000F9AA6 /* Build configuration list for PBXNativeTarget "Read_ME" */ = {
			isa = XCConfigurationList;
			buildConfigurations = (
				6790797B282B7BB5000F9AA6 /* Debug */,
				6790797C282B7BB5000F9AA6 /* Release */,
			);
			defaultConfigurationIsVisible = 0;
			defaultConfigurationName = Release;
		};
/* End XCConfigurationList section */
	};
	rootObject = 67907964282B7BB4000F9AA6 /* Project object */;
}
